
Microsoft Visual Studio Solution File, Format Version 12.00
# Visual Studio Version 16
VisualStudioVersion = 16.0.31112.23
MinimumVisualStudioVersion = 10.0.40219.1
Project("{FAE04EC0-301F-11D3-BF4B-00C04F79EFBC}") = "Hardcore", "Hardcore\Hardcore.csproj", "{51274C88-F3F4-49F6-AC83-A057C802102E}"
EndProject
Project("{FAE04EC0-301F-11D3-BF4B-00C04F79EFBC}") = "DeathAlert", "DeathAlert\DeathAlert.csproj", "{9C1F3087-8833-4F22-9D59-4A41CD7E7265}"
EndProject
Project("{D954291E-2A0B-460D-934E-DC6B0785DB48}") = "ModUtils", "ModUtils\ModUtils.shproj", "{F77114CF-59C3-434D-97FC-E930109F9300}"
EndProject
Global
	GlobalSection(SharedMSBuildProjectFiles) = preSolution
		ModUtils\ModUtils.projitems*{51274c88-f3f4-49f6-ac83-a057c802102e}*SharedItemsImports = 4
		ModUtils\ModUtils.projitems*{9c1f3087-8833-4f22-9d59-4a41cd7e7265}*SharedItemsImports = 4
	EndGlobalSection
	GlobalSection(SolutionConfigurationPlatforms) = preSolution
		Debug|Any CPU = Debug|Any CPU
		Release|Any CPU = Release|Any CPU
	EndGlobalSection
	GlobalSection(ProjectConfigurationPlatforms) = postSolution
		{51274C88-F3F4-49F6-AC83-A057C802102E}.Debug|Any CPU.ActiveCfg = Debug|Any CPU
		{51274C88-F3F4-49F6-AC83-A057C802102E}.Debug|Any CPU.Build.0 = Debug|Any CPU
		{51274C88-F3F4-49F6-AC83-A057C802102E}.Release|Any CPU.ActiveCfg = Release|Any CPU
		{51274C88-F3F4-49F6-AC83-A057C802102E}.Release|Any CPU.Build.0 = Release|Any CPU
		{9C1F3087-8833-4F22-9D59-4A41CD7E7265}.Debug|Any CPU.ActiveCfg = Debug|Any CPU
		{9C1F3087-8833-4F22-9D59-4A41CD7E7265}.Debug|Any CPU.Build.0 = Debug|Any CPU
		{9C1F3087-8833-4F22-9D59-4A41CD7E7265}.Release|Any CPU.ActiveCfg = Release|Any CPU
		{9C1F3087-8833-4F22-9D59-4A41CD7E7265}.Release|Any CPU.Build.0 = Release|Any CPU
	EndGlobalSection
	GlobalSection(SolutionProperties) = preSolution
		HideSolutionNode = FALSE
	EndGlobalSection
	GlobalSection(ExtensibilityGlobals) = postSolution
		SolutionGuid = {ACC438D4-4853-4137-9422-22BFFA91A2A2}
	EndGlobalSection
EndGlobal
